
Microsoft Visual Studio Solution File, Format Version 12.00
# Visual Studio Version 17
VisualStudioVersion = 17.14.37203.1 d17.14
MinimumVisualStudioVersion = 10.0.40219.1
Project("{FAE04EC0-301F-11D3-BF4B-00C04F79EFBC}") = "Market Flow Analyzer", "Market Flow Analyzer\Market Flow Analyzer.csproj", "{2598A7BE-5EA0-4A0D-8BC6-890E963352CE}"
EndProject
Global
	GlobalSection(SolutionConfigurationPlatforms) = preSolution
		Debug|Any CPU = Debug|Any CPU
		Release|Any CPU = Release|Any CPU
	EndGlobalSection
	GlobalSection(ProjectConfigurationPlatforms) = postSolution
		{2598A7BE-5EA0-4A0D-8BC6-890E963352CE}.Debug|Any CPU.ActiveCfg = Debug|Any CPU
		{2598A7BE-5EA0-4A0D-8BC6-890E963352CE}.Debug|Any CPU.Build.0 = Debug|Any CPU
		{2598A7BE-5EA0-4A0D-8BC6-890E963352CE}.Release|Any CPU.ActiveCfg = Release|Any CPU
		{2598A7BE-5EA0-4A0D-8BC6-890E963352CE}.Release|Any CPU.Build.0 = Release|Any CPU
	EndGlobalSection
	GlobalSection(SolutionProperties) = preSolution
		HideSolutionNode = FALSE
	EndGlobalSection
	GlobalSection(ExtensibilityGlobals) = postSolution
		SolutionGuid = {4D3F95A7-A36A-415E-90C0-B3050DE1D891}
	EndGlobalSection
EndGlobal
